
Microsoft Visual Studio Solution File, Format Version 12.00
# Visual Studio Version 16
VisualStudioVersion = 16.0.31205.134
MinimumVisualStudioVersion = 10.0.40219.1
Project("{FAE04EC0-301F-11D3-BF4B-00C04F79EFBC}") = "LMS", "LMS\LMS.csproj", "{FF097591-EC89-4142-B4D0-51EDA770DB4D}"
EndProject
Global
	GlobalSection(SolutionConfigurationPlatforms) = preSolution
		Debug|Any CPU = Debug|Any CPU
		Release|Any CPU = Release|Any CPU
	EndGlobalSection
	GlobalSection(ProjectConfigurationPlatforms) = postSolution
		{FF097591-EC89-4142-B4D0-51EDA770DB4D}.Debug|Any CPU.ActiveCfg = Debug|Any CPU
		{FF097591-EC89-4142-B4D0-51EDA770DB4D}.Debug|Any CPU.Build.0 = Debug|Any CPU
		{FF097591-EC89-4142-B4D0-51EDA770DB4D}.Release|Any CPU.ActiveCfg = Release|Any CPU
		{FF097591-EC89-4142-B4D0-51EDA770DB4D}.Release|Any CPU.Build.0 = Release|Any CPU
	EndGlobalSection
	GlobalSection(SolutionProperties) = preSolution
		HideSolutionNode = FALSE
	EndGlobalSection
	GlobalSection(ExtensibilityGlobals) = postSolution
		SolutionGuid = {BCD05051-79FB-450F-A9B5-BADBF83043F3}
	EndGlobalSection
EndGlobal
